<Solution>
  <Folder Name="/src/NINJA.EShop.Discount/">
    <Project Path="src/NINJA.EShop.Discount/NINJA.EShop.Discount.Grpc/NINJA.EShop.Discount.Grpc.csproj" Id="165ef59b-3512-4502-93e5-b58e8889127e" />
  </Folder>
  <Folder Name="/src/NINJA.EShop.Ordering/">
    <Project Path="src/NINJA.EShop.Ordering/NINJA.EShop.Ordering.API/NINJA.EShop.Ordering.API.csproj" Id="00155f30-dec8-405e-97d0-0cb55a9310ac" />
    <Project Path="src/NINJA.EShop.Ordering/NINJA.EShop.Ordering.Application/NINJA.EShop.Ordering.Application.csproj" Id="d069635b-1979-4559-97dd-52e1ae0e6e8b" />
    <Project Path="src/NINJA.EShop.Ordering/NINJA.EShop.Ordering.Domain/NINJA.EShop.Ordering.Domain.csproj" Id="1f318f2c-596f-4544-8ebe-999924d8a075" />
    <Project Path="src/NINJA.EShop.Ordering/NINJA.EShop.Ordering.Infrastructure/NINJA.EShop.Ordering.Infrastructure.csproj" Id="33dd9105-6fc4-4783-80db-3c19eaa519f4" />
  </Folder>
  <Folder Name="/src/NINJA.EShop.Shared/">
    <Project Path="src/NINJA.EShop.Shared/NINJA.EShop.Shared.Messaging/NINJA.EShop.Shared.Messaging.csproj" Id="98448174-8f33-48d6-bfd8-843ca21e91e9" />
    <Project Path="src/NINJA.EShop.Shared/NINJA.EShop.Shared/NINJA.EShop.Shared.csproj" Id="f8237c26-1a83-46e3-be25-2727842bd530" />
  </Folder>
  <Folder Name="/src/" />
  <Folder Name="/src/NINJA.EShop.Basket/">
    <Project Path="src/NINJA.EShop.Basket/NINJA.EShop.Basket.API/NINJA.EShop.Basket.API.csproj" Id="3194027c-d08f-4087-86dc-0355721525a3" />
  </Folder>
  <Folder Name="/src/NINJA.EShop.Catalog/">
    <Project Path="src/NINJA.EShop.Catalog/NINJA.EShop.Catalog.API/NINJA.EShop.Catalog.API.csproj" Id="445037b4-1331-4e96-8e9a-e363d547e0aa" />
  </Folder>
  <Project Path="docker-compose.dcproj">
    <Build />
  </Project>
</Solution>
