<Solution>
  <Folder Name="/src/NINJA.EShop.Discount/">
    <Project Path="src/NINJA.EShop.Discount/NINJA.EShop.Discount.Grpc/NINJA.EShop.Discount.Grpc.csproj" Id="165ef59b-3512-4502-93e5-b58e8889127e" />
  </Folder>
  <Folder Name="/src/NINJA.EShop.Shared/">
    <Project Path="src/NINJA.EShop.Shared/NINJA.EShop.Shared/NINJA.EShop.Shared.csproj" Id="f8237c26-1a83-46e3-be25-2727842bd530" />
  </Folder>
  <Folder Name="/src/" />
  <Folder Name="/src/NINJA.EShop.Basket/">
    <Project Path="src/NINJA.EShop.Basket/NINJA.EShop.Basket.API/NINJA.EShop.Basket.API.csproj" Id="3194027c-d08f-4087-86dc-0355721525a3" />
  </Folder>
  <Folder Name="/src/NINJA.EShop.Catalog/">
    <Project Path="src/NINJA.EShop.Catalog/NINJA.EShop.Catalog.API/NINJA.EShop.Catalog.API.csproj" Id="445037b4-1331-4e96-8e9a-e363d547e0aa" />
  </Folder>
  <Project Path="docker-compose.dcproj">
    <Build />
  </Project>
</Solution>
